
Microsoft Visual Studio Solution File, Format Version 12.00
# Visual Studio Version 16
VisualStudioVersion = 16.0.30114.105
MinimumVisualStudioVersion = 10.0.40219.1
Project("{2150E333-8FDC-42A3-9474-1A3956D46DE8}") = "src", "src", "{003D3ABD-970B-4FE5-A5A2-34523C2634A6}"
EndProject
Project("{FAE04EC0-301F-11D3-BF4B-00C04F79EFBC}") = "Conductive.AspNetCore", "src\Conductive.AspNetCore\Conductive.AspNetCore.csproj", "{0A941E4A-918C-4D4B-9CEC-0C7557F6D8A2}"
EndProject
Project("{2150E333-8FDC-42A3-9474-1A3956D46DE8}") = "samples", "samples", "{F095A8EF-374F-4933-A968-1DE2C4D780F8}"
EndProject
Project("{FAE04EC0-301F-11D3-BF4B-00C04F79EFBC}") = "Conductive.Samples", "samples\Conductive.Samples\Conductive.Samples.csproj", "{BB125FEF-3CBF-4728-8DBE-916663C2530B}"
EndProject
Global
	GlobalSection(SolutionConfigurationPlatforms) = preSolution
		Debug|Any CPU = Debug|Any CPU
		Release|Any CPU = Release|Any CPU
	EndGlobalSection
	GlobalSection(SolutionProperties) = preSolution
		HideSolutionNode = FALSE
	EndGlobalSection
	GlobalSection(ProjectConfigurationPlatforms) = postSolution
		{0A941E4A-918C-4D4B-9CEC-0C7557F6D8A2}.Debug|Any CPU.ActiveCfg = Debug|Any CPU
		{0A941E4A-918C-4D4B-9CEC-0C7557F6D8A2}.Debug|Any CPU.Build.0 = Debug|Any CPU
		{0A941E4A-918C-4D4B-9CEC-0C7557F6D8A2}.Release|Any CPU.ActiveCfg = Release|Any CPU
		{0A941E4A-918C-4D4B-9CEC-0C7557F6D8A2}.Release|Any CPU.Build.0 = Release|Any CPU
		{BB125FEF-3CBF-4728-8DBE-916663C2530B}.Debug|Any CPU.ActiveCfg = Debug|Any CPU
		{BB125FEF-3CBF-4728-8DBE-916663C2530B}.Debug|Any CPU.Build.0 = Debug|Any CPU
		{BB125FEF-3CBF-4728-8DBE-916663C2530B}.Release|Any CPU.ActiveCfg = Release|Any CPU
		{BB125FEF-3CBF-4728-8DBE-916663C2530B}.Release|Any CPU.Build.0 = Release|Any CPU
	EndGlobalSection
	GlobalSection(NestedProjects) = preSolution
		{0A941E4A-918C-4D4B-9CEC-0C7557F6D8A2} = {003D3ABD-970B-4FE5-A5A2-34523C2634A6}
		{BB125FEF-3CBF-4728-8DBE-916663C2530B} = {F095A8EF-374F-4933-A968-1DE2C4D780F8}
	EndGlobalSection
EndGlobal
